# THIS IS AN AUTOGENERATED FILE. DO NOT EDIT THIS FILE DIRECTLY.
# yarn lockfile v1


"@popperjs/core@^2.5.3":
  version "2.5.3"
  resolved "https://registry.yarnpkg.com/@popperjs/core/-/core-2.5.3.tgz#4982b0b66b7a4cf949b86f5d25a8cf757d3cfd9d"
  integrity sha512-RFwCobxsvZ6j7twS7dHIZQZituMIDJJNHS/qY6iuthVebxS3zhRY+jaC2roEKiAYaVuTcGmX6Luc6YBcf6zJVg==

animate.css@^4.1.1:
  version "4.1.1"
  resolved "https://registry.yarnpkg.com/animate.css/-/animate.css-4.1.1.tgz#614ec5a81131d7e4dc362a58143f7406abd68075"
  integrity sha512-+mRmCTv6SbCmtYJCN4faJMNFVNN5EuCTTprDTAo7YzIGji2KADmakjVA3+8mVDkZ2Bf09vayB35lSQIex2+QaQ==

bootstrap@^4.5.3:
  version "4.5.3"
  resolved "https://registry.yarnpkg.com/bootstrap/-/bootstrap-4.5.3.tgz#c6a72b355aaf323920be800246a6e4ef30997fe6"
  integrity sha512-o9ppKQioXGqhw8Z7mah6KdTYpNQY//tipnkxppWhPbiSWdD+1raYsnhwEZjkTHYbGee4cVQ0Rx65EhOY/HNLcQ==

insert-css@0.0.0:
  version "0.0.0"
  resolved "https://registry.yarnpkg.com/insert-css/-/insert-css-0.0.0.tgz#2304bfa6f893abecb8ff9ca8d9c7605d94cf2911"
  integrity sha1-IwS/pviTq+y4/5yo2cdgXZTPKRE=

jquery@^3.5.1:
  version "3.5.1"
  resolved "https://registry.yarnpkg.com/jquery/-/jquery-3.5.1.tgz#d7b4d08e1bfdb86ad2f1a3d039ea17304717abb5"
  integrity sha512-XwIBPqcMn57FxfT+Go5pzySnm4KWkT1Tv7gjrpT1srtf8Weynl6R273VJ5GjkRb51IzMp5nbaPjJXMWeju2MKg==

normalize-css@^2.3.1:
  version "2.3.1"
  resolved "https://registry.yarnpkg.com/normalize-css/-/normalize-css-2.3.1.tgz#fc03e3b91e3a51aa7a1836bae7b2b6ac6d51e156"
  integrity sha1-/APjuR46Uap6GDa657K2rG1R4VY=
  dependencies:
    insert-css "0.0.0"
